
Microsoft Visual Studio Solution File, Format Version 12.00
# Visual Studio Version 17
VisualStudioVersion = 17.1.32228.430
MinimumVisualStudioVersion = 10.0.40219.1
Project("{FAE04EC0-301F-11D3-BF4B-00C04F79EFBC}") = "Web", "Web\Web.csproj", "{E7F0F80A-1B98-416D-8190-6B34EA883BF2}"
EndProject
Project("{FAE04EC0-301F-11D3-BF4B-00C04F79EFBC}") = "CSharp", "CSharp\CSharp.csproj", "{14CF9547-59C4-4C01-945F-17C9A708611C}"
EndProject
Project("{FAE04EC0-301F-11D3-BF4B-00C04F79EFBC}") = "00Northwind", "00Northwind\00Northwind.csproj", "{65370E8D-3498-4A11-96B0-F863E1BAD3B8}"
EndProject
Project("{FAE04EC0-301F-11D3-BF4B-00C04F79EFBC}") = "01Controller", "01Controller\01Controller.csproj", "{CC4E6C35-0A70-47AF-9695-E509F5F844D1}"
EndProject
Project("{FAE04EC0-301F-11D3-BF4B-00C04F79EFBC}") = "02View", "002View\02View.csproj", "{60FBDFF6-EFC5-4E63-BF85-BFD1FF73FA18}"
EndProject
Project("{FAE04EC0-301F-11D3-BF4B-00C04F79EFBC}") = "03Model", "03Model\03Model.csproj", "{DA2CDC99-495E-48C6-8EB4-9D03ECF662AD}"
EndProject
Project("{FAE04EC0-301F-11D3-BF4B-00C04F79EFBC}") = "04ViewModel", "04ViewModel\04ViewModel.csproj", "{9D3D4BAC-75A9-4736-BEB7-BD95DE89CE1A}"
EndProject
Global
	GlobalSection(SolutionConfigurationPlatforms) = preSolution
		Debug|Any CPU = Debug|Any CPU
		Release|Any CPU = Release|Any CPU
	EndGlobalSection
	GlobalSection(ProjectConfigurationPlatforms) = postSolution
		{E7F0F80A-1B98-416D-8190-6B34EA883BF2}.Debug|Any CPU.ActiveCfg = Debug|Any CPU
		{E7F0F80A-1B98-416D-8190-6B34EA883BF2}.Debug|Any CPU.Build.0 = Debug|Any CPU
		{E7F0F80A-1B98-416D-8190-6B34EA883BF2}.Release|Any CPU.ActiveCfg = Release|Any CPU
		{E7F0F80A-1B98-416D-8190-6B34EA883BF2}.Release|Any CPU.Build.0 = Release|Any CPU
		{14CF9547-59C4-4C01-945F-17C9A708611C}.Debug|Any CPU.ActiveCfg = Debug|Any CPU
		{14CF9547-59C4-4C01-945F-17C9A708611C}.Debug|Any CPU.Build.0 = Debug|Any CPU
		{14CF9547-59C4-4C01-945F-17C9A708611C}.Release|Any CPU.ActiveCfg = Release|Any CPU
		{14CF9547-59C4-4C01-945F-17C9A708611C}.Release|Any CPU.Build.0 = Release|Any CPU
		{65370E8D-3498-4A11-96B0-F863E1BAD3B8}.Debug|Any CPU.ActiveCfg = Debug|Any CPU
		{65370E8D-3498-4A11-96B0-F863E1BAD3B8}.Debug|Any CPU.Build.0 = Debug|Any CPU
		{65370E8D-3498-4A11-96B0-F863E1BAD3B8}.Release|Any CPU.ActiveCfg = Release|Any CPU
		{65370E8D-3498-4A11-96B0-F863E1BAD3B8}.Release|Any CPU.Build.0 = Release|Any CPU
		{CC4E6C35-0A70-47AF-9695-E509F5F844D1}.Debug|Any CPU.ActiveCfg = Debug|Any CPU
		{CC4E6C35-0A70-47AF-9695-E509F5F844D1}.Debug|Any CPU.Build.0 = Debug|Any CPU
		{CC4E6C35-0A70-47AF-9695-E509F5F844D1}.Release|Any CPU.ActiveCfg = Release|Any CPU
		{CC4E6C35-0A70-47AF-9695-E509F5F844D1}.Release|Any CPU.Build.0 = Release|Any CPU
		{60FBDFF6-EFC5-4E63-BF85-BFD1FF73FA18}.Debug|Any CPU.ActiveCfg = Debug|Any CPU
		{60FBDFF6-EFC5-4E63-BF85-BFD1FF73FA18}.Debug|Any CPU.Build.0 = Debug|Any CPU
		{60FBDFF6-EFC5-4E63-BF85-BFD1FF73FA18}.Release|Any CPU.ActiveCfg = Release|Any CPU
		{60FBDFF6-EFC5-4E63-BF85-BFD1FF73FA18}.Release|Any CPU.Build.0 = Release|Any CPU
		{DA2CDC99-495E-48C6-8EB4-9D03ECF662AD}.Debug|Any CPU.ActiveCfg = Debug|Any CPU
		{DA2CDC99-495E-48C6-8EB4-9D03ECF662AD}.Debug|Any CPU.Build.0 = Debug|Any CPU
		{DA2CDC99-495E-48C6-8EB4-9D03ECF662AD}.Release|Any CPU.ActiveCfg = Release|Any CPU
		{DA2CDC99-495E-48C6-8EB4-9D03ECF662AD}.Release|Any CPU.Build.0 = Release|Any CPU
		{9D3D4BAC-75A9-4736-BEB7-BD95DE89CE1A}.Debug|Any CPU.ActiveCfg = Debug|Any CPU
		{9D3D4BAC-75A9-4736-BEB7-BD95DE89CE1A}.Debug|Any CPU.Build.0 = Debug|Any CPU
		{9D3D4BAC-75A9-4736-BEB7-BD95DE89CE1A}.Release|Any CPU.ActiveCfg = Release|Any CPU
		{9D3D4BAC-75A9-4736-BEB7-BD95DE89CE1A}.Release|Any CPU.Build.0 = Release|Any CPU
	EndGlobalSection
	GlobalSection(SolutionProperties) = preSolution
		HideSolutionNode = FALSE
	EndGlobalSection
	GlobalSection(ExtensibilityGlobals) = postSolution
		SolutionGuid = {D47FFBF3-C777-4955-B48C-65607D09BAC2}
	EndGlobalSection
EndGlobal
