
Microsoft Visual Studio Solution File, Format Version 12.00
# Visual Studio Version 17
VisualStudioVersion = 17.1.32228.430
MinimumVisualStudioVersion = 10.0.40219.1
Project("{FAE04EC0-301F-11D3-BF4B-00C04F79EFBC}") = "Web", "Web\Web.csproj", "{E7F0F80A-1B98-416D-8190-6B34EA883BF2}"
EndProject
Project("{FAE04EC0-301F-11D3-BF4B-00C04F79EFBC}") = "CSharp", "CSharp\CSharp.csproj", "{14CF9547-59C4-4C01-945F-17C9A708611C}"
EndProject
Global
	GlobalSection(SolutionConfigurationPlatforms) = preSolution
		Debug|Any CPU = Debug|Any CPU
		Release|Any CPU = Release|Any CPU
	EndGlobalSection
	GlobalSection(ProjectConfigurationPlatforms) = postSolution
		{E7F0F80A-1B98-416D-8190-6B34EA883BF2}.Debug|Any CPU.ActiveCfg = Debug|Any CPU
		{E7F0F80A-1B98-416D-8190-6B34EA883BF2}.Debug|Any CPU.Build.0 = Debug|Any CPU
		{E7F0F80A-1B98-416D-8190-6B34EA883BF2}.Release|Any CPU.ActiveCfg = Release|Any CPU
		{E7F0F80A-1B98-416D-8190-6B34EA883BF2}.Release|Any CPU.Build.0 = Release|Any CPU
		{14CF9547-59C4-4C01-945F-17C9A708611C}.Debug|Any CPU.ActiveCfg = Debug|Any CPU
		{14CF9547-59C4-4C01-945F-17C9A708611C}.Debug|Any CPU.Build.0 = Debug|Any CPU
		{14CF9547-59C4-4C01-945F-17C9A708611C}.Release|Any CPU.ActiveCfg = Release|Any CPU
		{14CF9547-59C4-4C01-945F-17C9A708611C}.Release|Any CPU.Build.0 = Release|Any CPU
	EndGlobalSection
	GlobalSection(SolutionProperties) = preSolution
		HideSolutionNode = FALSE
	EndGlobalSection
	GlobalSection(ExtensibilityGlobals) = postSolution
		SolutionGuid = {D47FFBF3-C777-4955-B48C-65607D09BAC2}
	EndGlobalSection
EndGlobal
